// !$*UTF8*$!
{
	archiveVersion = 1;
	classes = {
	};
	objectVersion = 50;
	objects = {

/* Begin PBXBuildFile section */
		BA94054026A3D7450062C299 /* ViewBox.swift in Sources */ = {isa = PBXBuildFile; fileRef = BA94053F26A3D7450062C299 /* ViewBox.swift */; };
		BA99DC3E2693E671005D4376 /* AppDelegate.swift in Sources */ = {isa = PBXBuildFile; fileRef = BA99DC3D2693E671005D4376 /* AppDelegate.swift */; };
		BA99DC402693E671005D4376 /* SceneDelegate.swift in Sources */ = {isa = PBXBuildFile; fileRef = BA99DC3F2693E671005D4376 /* SceneDelegate.swift */; };
		BA99DC422693E671005D4376 /* FirstViewController.swift in Sources */ = {isa = PBXBuildFile; fileRef = BA99DC412693E671005D4376 /* FirstViewController.swift */; };
		BA99DC452693E671005D4376 /* Main.storyboard in Resources */ = {isa = PBXBuildFile; fileRef = BA99DC432693E671005D4376 /* Main.storyboard */; };
		BA99DC472693E672005D4376 /* Assets.xcassets in Resources */ = {isa = PBXBuildFile; fileRef = BA99DC462693E672005D4376 /* Assets.xcassets */; };
		BA99DC4A2693E672005D4376 /* LaunchScreen.storyboard in Resources */ = {isa = PBXBuildFile; fileRef = BA99DC482693E672005D4376 /* LaunchScreen.storyboard */; };
		BA99DC542693ECB1005D4376 /* SecondViewController.swift in Sources */ = {isa = PBXBuildFile; fileRef = BA99DC532693ECB1005D4376 /* SecondViewController.swift */; };
/* End PBXBuildFile section */

/* Begin PBXFileReference section */
		BA94053F26A3D7450062C299 /* ViewBox.swift */ = {isa = PBXFileReference; fileEncoding = 4; lastKnownFileType = sourcecode.swift; path = ViewBox.swift; sourceTree = "<group>"; };
		BA99DC3A2693E671005D4376 /* Delegados.app */ = {isa = PBXFileReference; explicitFileType = wrapper.application; includeInIndex = 0; path = Delegados.app; sourceTree = BUILT_PRODUCTS_DIR; };
		BA99DC3D2693E671005D4376 /* AppDelegate.swift */ = {isa = PBXFileReference; lastKnownFileType = sourcecode.swift; path = AppDelegate.swift; sourceTree = "<group>"; };
		BA99DC3F2693E671005D4376 /* SceneDelegate.swift */ = {isa = PBXFileReference; lastKnownFileType = sourcecode.swift; path = SceneDelegate.swift; sourceTree = "<group>"; };
		BA99DC412693E671005D4376 /* FirstViewController.swift */ = {isa = PBXFileReference; lastKnownFileType = sourcecode.swift; path = FirstViewController.swift; sourceTree = "<group>"; };
		BA99DC442693E671005D4376 /* Base */ = {isa = PBXFileReference; lastKnownFileType = file.storyboard; name = Base; path = Base.lproj/Main.storyboard; sourceTree = "<group>"; };
		BA99DC462693E672005D4376 /* Assets.xcassets */ = {isa = PBXFileReference; lastKnownFileType = folder.assetcatalog; path = Assets.xcassets; sourceTree = "<group>"; };
		BA99DC492693E672005D4376 /* Base */ = {isa = PBXFileReference; lastKnownFileType = file.storyboard; name = Base; path = Base.lproj/LaunchScreen.storyboard; sourceTree = "<group>"; };
		BA99DC4B2693E672005D4376 /* Info.plist */ = {isa = PBXFileReference; lastKnownFileType = text.plist.xml; path = Info.plist; sourceTree = "<group>"; };
		BA99DC532693ECB1005D4376 /* SecondViewController.swift */ = {isa = PBXFileReference; lastKnownFileType = sourcecode.swift; path = SecondViewController.swift; sourceTree = "<group>"; };
/* End PBXFileReference section */

/* Begin PBXFrameworksBuildPhase section */
		BA99DC372693E671005D4376 /* Frameworks */ = {
			isa = PBXFrameworksBuildPhase;
			buildActionMask = 2147483647;
			files = (
			);
			runOnlyForDeploymentPostprocessing = 0;
		};
/* End PBXFrameworksBuildPhase section */

/* Begin PBXGroup section */
		BA99DC312693E671005D4376 = {
			isa = PBXGroup;
			children = (
				BA99DC3C2693E671005D4376 /* Delegados */,
				BA99DC3B2693E671005D4376 /* Products */,
			);
			sourceTree = "<group>";
		};
		BA99DC3B2693E671005D4376 /* Products */ = {
			isa = PBXGroup;
			children = (
				BA99DC3A2693E671005D4376 /* Delegados.app */,
			);
			name = Products;
			sourceTree = "<group>";
		};
		BA99DC3C2693E671005D4376 /* Delegados */ = {
			isa = PBXGroup;
			children = (
				BA99DC3D2693E671005D4376 /* AppDelegate.swift */,
				BA99DC3F2693E671005D4376 /* SceneDelegate.swift */,
				BA99DC412693E671005D4376 /* FirstViewController.swift */,
				BA94053F26A3D7450062C299 /* ViewBox.swift */,
				BA99DC432693E671005D4376 /* Main.storyboard */,
				BA99DC462693E672005D4376 /* Assets.xcassets */,
				BA99DC482693E672005D4376 /* LaunchScreen.storyboard */,
				BA99DC4B2693E672005D4376 /* Info.plist */,
				BA99DC532693ECB1005D4376 /* SecondViewController.swift */,
			);
			path = Delegados;
			sourceTree = "<group>";
		};
/* End PBXGroup section */

/* Begin PBXNativeTarget section */
		BA99DC392693E671005D4376 /* Delegados */ = {
			isa = PBXNativeTarget;
			buildConfigurationList = BA99DC4E2693E672005D4376 /* Build configuration list for PBXNativeTarget "Delegados" */;
			buildPhases = (
				BA99DC362693E671005D4376 /* Sources */,
				BA99DC372693E671005D4376 /* Frameworks */,
				BA99DC382693E671005D4376 /* Resources */,
			);
			buildRules = (
			);
			dependencies = (
			);
			name = Delegados;
			productName = Delegados;
			productReference = BA99DC3A2693E671005D4376 /* Delegados.app */;
			productType = "com.apple.product-type.application";
		};
/* End PBXNativeTarget section */

/* Begin PBXProject section */
		BA99DC322693E671005D4376 /* Project object */ = {
			isa = PBXProject;
			attributes = {
				LastSwiftUpdateCheck = 1250;
				LastUpgradeCheck = 1250;
				TargetAttributes = {
					BA99DC392693E671005D4376 = {
						CreatedOnToolsVersion = 12.5.1;
					};
				};
			};
			buildConfigurationList = BA99DC352693E671005D4376 /* Build configuration list for PBXProject "Delegados" */;
			compatibilityVersion = "Xcode 9.3";
			developmentRegion = en;
			hasScannedForEncodings = 0;
			knownRegions = (
				en,
				Base,
			);
			mainGroup = BA99DC312693E671005D4376;
			productRefGroup = BA99DC3B2693E671005D4376 /* Products */;
			projectDirPath = "";
			projectRoot = "";
			targets = (
				BA99DC392693E671005D4376 /* Delegados */,
			);
		};
/* End PBXProject section */

/* Begin PBXResourcesBuildPhase section */
		BA99DC382693E671005D4376 /* Resources */ = {
			isa = PBXResourcesBuildPhase;
			buildActionMask = 2147483647;
			files = (
				BA99DC4A2693E672005D4376 /* LaunchScreen.storyboard in Resources */,
				BA99DC472693E672005D4376 /* Assets.xcassets in Resources */,
				BA99DC452693E671005D4376 /* Main.storyboard in Resources */,
			);
			runOnlyForDeploymentPostprocessing = 0;
		};
/* End PBXResourcesBuildPhase section */

/* Begin PBXSourcesBuildPhase section */
		BA99DC362693E671005D4376 /* Sources */ = {
			isa = PBXSourcesBuildPhase;
			buildActionMask = 2147483647;
			files = (
				BA99DC422693E671005D4376 /* FirstViewController.swift in Sources */,
				BA99DC3E2693E671005D4376 /* AppDelegate.swift in Sources */,
				BA99DC542693ECB1005D4376 /* SecondViewController.swift in Sources */,
				BA99DC402693E671005D4376 /* SceneDelegate.swift in Sources */,
				BA94054026A3D7450062C299 /* ViewBox.swift in Sources */,
			);
			runOnlyForDeploymentPostprocessing = 0;
		};
/* End PBXSourcesBuildPhase section */

/* Begin PBXVariantGroup section */
		BA99DC432693E671005D4376 /* Main.storyboard */ = {
			isa = PBXVariantGroup;
			children = (
				BA99DC442693E671005D4376 /* Base */,
			);
			name = Main.storyboard;
			sourceTree = "<group>";
		};
		BA99DC482693E672005D4376 /* LaunchScreen.storyboard */ = {
			isa = PBXVariantGroup;
			children = (
				BA99DC492693E672005D4376 /* Base */,
			);
			name = LaunchScreen.storyboard;
			sourceTree = "<group>";
		};
/* End PBXVariantGroup section */

/* Begin XCBuildConfiguration section */
		BA99DC4C2693E672005D4376 /* Debug */ = {
			isa = XCBuildConfiguration;
			buildSettings = {
				ALWAYS_SEARCH_USER_PATHS = NO;
				CLANG_ANALYZER_NONNULL = YES;
				CLANG_ANALYZER_NUMBER_OBJECT_CONVERSION = YES_AGGRESSIVE;
				CLANG_CXX_LANGUAGE_STANDARD = "gnu++14";
				CLANG_CXX_LIBRARY = "libc++";
				CLANG_ENABLE_MODULES = YES;
				CLANG_ENABLE_OBJC_ARC = YES;
				CLANG_ENABLE_OBJC_WEAK = YES;
				CLANG_WARN_BLOCK_CAPTURE_AUTORELEASING = YES;
				CLANG_WARN_BOOL_CONVERSION = YES;
				CLANG_WARN_COMMA = YES;
				CLANG_WARN_CONSTANT_CONVERSION = YES;
				CLANG_WARN_DEPRECATED_OBJC_IMPLEMENTATIONS = YES;
				CLANG_WARN_DIRECT_OBJC_ISA_USAGE = YES_ERROR;
				CLANG_WARN_DOCUMENTATION_COMMENTS = YES;
				CLANG_WARN_EMPTY_BODY = YES;
				CLANG_WARN_ENUM_CONVERSION = YES;
				CLANG_WARN_INFINITE_RECURSION = YES;
				CLANG_WARN_INT_CONVERSION = YES;
				CLANG_WARN_NON_LITERAL_NULL_CONVERSION = YES;
				CLANG_WARN_OBJC_IMPLICIT_RETAIN_SELF = YES;
				CLANG_WARN_OBJC_LITERAL_CONVERSION = YES;
				CLANG_WARN_OBJC_ROOT_CLASS = YES_ERROR;
				CLANG_WARN_QUOTED_INCLUDE_IN_FRAMEWORK_HEADER = YES;
				CLANG_WARN_RANGE_LOOP_ANALYSIS = YES;
				CLANG_WARN_STRICT_PROTOTYPES = YES;
				CLANG_WARN_SUSPICIOUS_MOVE = YES;
				CLANG_WARN_UNGUARDED_AVAILABILITY = YES_AGGRESSIVE;
				CLANG_WARN_UNREACHABLE_CODE = YES;
				CLANG_WARN__DUPLICATE_METHOD_MATCH = YES;
				COPY_PHASE_STRIP = NO;
				DEBUG_INFORMATION_FORMAT = dwarf;
				ENABLE_STRICT_OBJC_MSGSEND = YES;
				ENABLE_TESTABILITY = YES;
				GCC_C_LANGUAGE_STANDARD = gnu11;
				GCC_DYNAMIC_NO_PIC = NO;
				GCC_NO_COMMON_BLOCKS = YES;
				GCC_OPTIMIZATION_LEVEL = 0;
				GCC_PREPROCESSOR_DEFINITIONS = (
					"DEBUG=1",
					"$(inherited)",
				);
				GCC_WARN_64_TO_32_BIT_CONVERSION = YES;
				GCC_WARN_ABOUT_RETURN_TYPE = YES_ERROR;
				GCC_WARN_UNDECLARED_SELECTOR = YES;
				GCC_WARN_UNINITIALIZED_AUTOS = YES_AGGRESSIVE;
				GCC_WARN_UNUSED_FUNCTION = YES;
				GCC_WARN_UNUSED_VARIABLE = YES;
				IPHONEOS_DEPLOYMENT_TARGET = 14.5;
				MTL_ENABLE_DEBUG_INFO = INCLUDE_SOURCE;
				MTL_FAST_MATH = YES;
				ONLY_ACTIVE_ARCH = YES;
				SDKROOT = iphoneos;
				SWIFT_ACTIVE_COMPILATION_CONDITIONS = DEBUG;
				SWIFT_OPTIMIZATION_LEVEL = "-Onone";
			};
			name = Debug;
		};
		BA99DC4D2693E672005D4376 /* Release */ = {
			isa = XCBuildConfiguration;
			buildSettings = {
				ALWAYS_SEARCH_USER_PATHS = NO;
				CLANG_ANALYZER_NONNULL = YES;
				CLANG_ANALYZER_NUMBER_OBJECT_CONVERSION = YES_AGGRESSIVE;
				CLANG_CXX_LANGUAGE_STANDARD = "gnu++14";
				CLANG_CXX_LIBRARY = "libc++";
				CLANG_ENABLE_MODULES = YES;
				CLANG_ENABLE_OBJC_ARC = YES;
				CLANG_ENABLE_OBJC_WEAK = YES;
				CLANG_WARN_BLOCK_CAPTURE_AUTORELEASING = YES;
				CLANG_WARN_BOOL_CONVERSION = YES;
				CLANG_WARN_COMMA = YES;
				CLANG_WARN_CONSTANT_CONVERSION = YES;
				CLANG_WARN_DEPRECATED_OBJC_IMPLEMENTATIONS = YES;
				CLANG_WARN_DIRECT_OBJC_ISA_USAGE = YES_ERROR;
				CLANG_WARN_DOCUMENTATION_COMMENTS = YES;
				CLANG_WARN_EMPTY_BODY = YES;
				CLANG_WARN_ENUM_CONVERSION = YES;
				CLANG_WARN_INFINITE_RECURSION = YES;
				CLANG_WARN_INT_CONVERSION = YES;
				CLANG_WARN_NON_LITERAL_NULL_CONVERSION = YES;
				CLANG_WARN_OBJC_IMPLICIT_RETAIN_SELF = YES;
				CLANG_WARN_OBJC_LITERAL_CONVERSION = YES;
				CLANG_WARN_OBJC_ROOT_CLASS = YES_ERROR;
				CLANG_WARN_QUOTED_INCLUDE_IN_FRAMEWORK_HEADER = YES;
				CLANG_WARN_RANGE_LOOP_ANALYSIS = YES;
				CLANG_WARN_STRICT_PROTOTYPES = YES;
				CLANG_WARN_SUSPICIOUS_MOVE = YES;
				CLANG_WARN_UNGUARDED_AVAILABILITY = YES_AGGRESSIVE;
				CLANG_WARN_UNREACHABLE_CODE = YES;
				CLANG_WARN__DUPLICATE_METHOD_MATCH = YES;
				COPY_PHASE_STRIP = NO;
				DEBUG_INFORMATION_FORMAT = "dwarf-with-dsym";
				ENABLE_NS_ASSERTIONS = NO;
				ENABLE_STRICT_OBJC_MSGSEND = YES;
				GCC_C_LANGUAGE_STANDARD = gnu11;
				GCC_NO_COMMON_BLOCKS = YES;
				GCC_WARN_64_TO_32_BIT_CONVERSION = YES;
				GCC_WARN_ABOUT_RETURN_TYPE = YES_ERROR;
				GCC_WARN_UNDECLARED_SELECTOR = YES;
				GCC_WARN_UNINITIALIZED_AUTOS = YES_AGGRESSIVE;
				GCC_WARN_UNUSED_FUNCTION = YES;
				GCC_WARN_UNUSED_VARIABLE = YES;
				IPHONEOS_DEPLOYMENT_TARGET = 14.5;
				MTL_ENABLE_DEBUG_INFO = NO;
				MTL_FAST_MATH = YES;
				SDKROOT = iphoneos;
				SWIFT_COMPILATION_MODE = wholemodule;
				SWIFT_OPTIMIZATION_LEVEL = "-O";
				VALIDATE_PRODUCT = YES;
			};
			name = Release;
		};
		BA99DC4F2693E672005D4376 /* Debug */ = {
			isa = XCBuildConfiguration;
			buildSettings = {
				ASSETCATALOG_COMPILER_APPICON_NAME = AppIcon;
				ASSETCATALOG_COMPILER_GLOBAL_ACCENT_COLOR_NAME = AccentColor;
				CODE_SIGN_STYLE = Automatic;
				INFOPLIST_FILE = Delegados/Info.plist;
				LD_RUNPATH_SEARCH_PATHS = (
					"$(inherited)",
					"@executable_path/Frameworks",
				);
				PRODUCT_BUNDLE_IDENTIFIER = com.solera.Delegados;
				PRODUCT_NAME = "$(TARGET_NAME)";
				SWIFT_VERSION = 5.0;
				TARGETED_DEVICE_FAMILY = "1,2";
			};
			name = Debug;
		};
		BA99DC502693E672005D4376 /* Release */ = {
			isa = XCBuildConfiguration;
			buildSettings = {
				ASSETCATALOG_COMPILER_APPICON_NAME = AppIcon;
				ASSETCATALOG_COMPILER_GLOBAL_ACCENT_COLOR_NAME = AccentColor;
				CODE_SIGN_STYLE = Automatic;
				INFOPLIST_FILE = Delegados/Info.plist;
				LD_RUNPATH_SEARCH_PATHS = (
					"$(inherited)",
					"@executable_path/Frameworks",
				);
				PRODUCT_BUNDLE_IDENTIFIER = com.solera.Delegados;
				PRODUCT_NAME = "$(TARGET_NAME)";
				SWIFT_VERSION = 5.0;
				TARGETED_DEVICE_FAMILY = "1,2";
			};
			name = Release;
		};
/* End XCBuildConfiguration section */

/* Begin XCConfigurationList section */
		BA99DC352693E671005D4376 /* Build configuration list for PBXProject "Delegados" */ = {
			isa = XCConfigurationList;
			buildConfigurations = (
				BA99DC4C2693E672005D4376 /* Debug */,
				BA99DC4D2693E672005D4376 /* Release */,
			);
			defaultConfigurationIsVisible = 0;
			defaultConfigurationName = Release;
		};
		BA99DC4E2693E672005D4376 /* Build configuration list for PBXNativeTarget "Delegados" */ = {
			isa = XCConfigurationList;
			buildConfigurations = (
				BA99DC4F2693E672005D4376 /* Debug */,
				BA99DC502693E672005D4376 /* Release */,
			);
			defaultConfigurationIsVisible = 0;
			defaultConfigurationName = Release;
		};
/* End XCConfigurationList section */
	};
	rootObject = BA99DC322693E671005D4376 /* Project object */;
}
